// !$*UTF8*$!
{
	archiveVersion = 1;
	classes = {
	};
	objectVersion = 77;
	objects = {

/* Begin PBXBuildFile section */
		016172A75D27ADE3989C6F32 /* ActivityFeedView.swift in Sources */ = {isa = PBXBuildFile; fileRef = 4D7963FD44D2CD4CA6FD5764 /* ActivityFeedView.swift */; };
		062825F83FFD597B9F5CFB86 /* Components.swift in Sources */ = {isa = PBXBuildFile; fileRef = 463A60A157BC99F533279C01 /* Components.swift */; };
		09C4D4E12550256BD059AC11 /* LaunchScreen.storyboard in Resources */ = {isa = PBXBuildFile; fileRef = 38D5DC18C78BC75D569C388E /* LaunchScreen.storyboard */; };
		1721EDA84970AAE0F6259423 /* RankPlacementView.swift in Sources */ = {isa = PBXBuildFile; fileRef = E551C02F67E179D2D300DFD9 /* RankPlacementView.swift */; };
		2FC7E59949ABE2EE1C77077E /* HomeView.swift in Sources */ = {isa = PBXBuildFile; fileRef = 1123640E8C5190D1A53D9C15 /* HomeView.swift */; };
		3193F6AEFA350C3FE5F5AA8A /* NotificationService.swift in Sources */ = {isa = PBXBuildFile; fileRef = B2EDD68D7457134A982CC7A1 /* NotificationService.swift */; };
		330C5D390AEED6D1FB80371D /* LocationService.swift in Sources */ = {isa = PBXBuildFile; fileRef = 0C968216FFBAB9027050A623 /* LocationService.swift */; };
		33D2473A65D6C426836AD156 /* RemoteMapping.swift in Sources */ = {isa = PBXBuildFile; fileRef = 7473E9B3BA1E4C315C6C51F5 /* RemoteMapping.swift */; };
		33E249F01BAF58476B26F16C /* ExploreView.swift in Sources */ = {isa = PBXBuildFile; fileRef = BCE695B254A1F78B38455E64 /* ExploreView.swift */; };
		36424E9F37EA05D1A1C79C57 /* DrinkDetailView.swift in Sources */ = {isa = PBXBuildFile; fileRef = 7C29546487072D2150C13BA7 /* DrinkDetailView.swift */; };
		38629B176F5D87653665928B /* RankingEngine.swift in Sources */ = {isa = PBXBuildFile; fileRef = D698903508203A69322554C2 /* RankingEngine.swift */; };
		49F1FAB05091382EB4939244 /* FirstPicksView.swift in Sources */ = {isa = PBXBuildFile; fileRef = A27E98C6398839ADA52998F5 /* FirstPicksView.swift */; };
		4A2324FE3A95748A0CCF8573 /* BrewTheme.swift in Sources */ = {isa = PBXBuildFile; fileRef = 818937C3E47D18C83588C996 /* BrewTheme.swift */; };
		4E0942153E8396DADB29C6E1 /* RootView.swift in Sources */ = {isa = PBXBuildFile; fileRef = 16ACEC05B21CDA586D4C386E /* RootView.swift */; };
		5234DA7369E507AB850B69C1 /* SettingsView.swift in Sources */ = {isa = PBXBuildFile; fileRef = FA05C9C739A1DE241F461122 /* SettingsView.swift */; };
		617B37EE6A8663661715911D /* SupabaseService.swift in Sources */ = {isa = PBXBuildFile; fileRef = 5EB4F6F56B7586F83B9B2A2C /* SupabaseService.swift */; };
		7E35D405FA676DB27519CBBC /* RecommendationEngine.swift in Sources */ = {isa = PBXBuildFile; fileRef = 09C78E08B4A9A09E1D46E475 /* RecommendationEngine.swift */; };
		7EEBC01E0D61D323F26097D9 /* BrewApp.swift in Sources */ = {isa = PBXBuildFile; fileRef = 3BAD5F123FE1E818332F8B51 /* BrewApp.swift */; };
		861164C501C13555F18396B9 /* WishlistView.swift in Sources */ = {isa = PBXBuildFile; fileRef = 6E0F90740B89442F2E4B3617 /* WishlistView.swift */; };
		8766ABD40E8B62BCE8510D74 /* TasteRecapView.swift in Sources */ = {isa = PBXBuildFile; fileRef = 013543726FA60DEABAD43FD9 /* TasteRecapView.swift */; };
		9091FADF44B7BC5BD0024AD0 /* AppStore.swift in Sources */ = {isa = PBXBuildFile; fileRef = 976217AC8CC3594F5F41689D /* AppStore.swift */; };
		A4338629BC8055AE21686AB3 /* KeychainStore.swift in Sources */ = {isa = PBXBuildFile; fileRef = 96399F00FCFADB5D196E1ED8 /* KeychainStore.swift */; };
		A50BBB763AA7212E1EB06BAE /* LogicTests.swift in Sources */ = {isa = PBXBuildFile; fileRef = 119CF6D5208910D3DEE25D5B /* LogicTests.swift */; };
		B1CA328AEAFF3D64F8148258 /* EloCalculator.swift in Sources */ = {isa = PBXBuildFile; fileRef = D5058083F8EF9AC4BC19CCDD /* EloCalculator.swift */; };
		B7190E977B7CBECDA00EE9B0 /* AuthService.swift in Sources */ = {isa = PBXBuildFile; fileRef = 2BB45492D1D67B650D192206 /* AuthService.swift */; };
		BA8AEEB0FAEFE79FBC3C5874 /* BrewModels.swift in Sources */ = {isa = PBXBuildFile; fileRef = 3979B6368272F579443645ED /* BrewModels.swift */; };
		BE8F603920EC7A87645A0E36 /* WriteQueue.swift in Sources */ = {isa = PBXBuildFile; fileRef = CE2FB33E0342E86DE136C03F /* WriteQueue.swift */; };
		C17A8C5B63960A68FFF93C9C /* FriendProfileView.swift in Sources */ = {isa = PBXBuildFile; fileRef = A391E2AED22FCCE3C7D4B73E /* FriendProfileView.swift */; };
		C30298EA7A854BDF9E20642E /* Assets.xcassets in Resources */ = {isa = PBXBuildFile; fileRef = 182D5D97909C4C0BDEDF16A6 /* Assets.xcassets */; };
		C3AE7F9C793BD4C493096DC1 /* FlavorWheelView.swift in Sources */ = {isa = PBXBuildFile; fileRef = B2F4A84F8F6254334B8667A1 /* FlavorWheelView.swift */; };
		CDB7161C8572CA5FF558668B /* BrewAppSmokeTests.swift in Sources */ = {isa = PBXBuildFile; fileRef = C5B556335685CB7DE50FBB07 /* BrewAppSmokeTests.swift */; };
		CF30B8C7D50FE86D16D969CE /* UsernameSetupView.swift in Sources */ = {isa = PBXBuildFile; fileRef = 9519A50892C6576114BE4984 /* UsernameSetupView.swift */; };
		D2FE8CFC2EBAEDA96EEDA117 /* TasteProfileEngine.swift in Sources */ = {isa = PBXBuildFile; fileRef = 7BAD20520A55B8B78984A732 /* TasteProfileEngine.swift */; };
		D648BEAC2B8A7A9702C9192A /* TasteQuizView.swift in Sources */ = {isa = PBXBuildFile; fileRef = D1FA59D8BDA2DE0F974793B1 /* TasteQuizView.swift */; };
		D89BFBF228737C7A0BECA6D0 /* OnboardingView.swift in Sources */ = {isa = PBXBuildFile; fileRef = E1D748D9B25E10B361206A36 /* OnboardingView.swift */; };
		D8FD0646DF58EFB651C4E98C /* AppStore+Sync.swift in Sources */ = {isa = PBXBuildFile; fileRef = 69BC060B762ABA18CB3DC3B5 /* AppStore+Sync.swift */; };
		DBFF32F1722D22ED18BD6B9C /* ProfileView.swift in Sources */ = {isa = PBXBuildFile; fileRef = 3A26C779D55A2997A402638E /* ProfileView.swift */; };
		E6375151CCD49C66757F6B2F /* FriendsView.swift in Sources */ = {isa = PBXBuildFile; fileRef = 198DCC46AF321172057BFA05 /* FriendsView.swift */; };
		EC7AD5D21770F964C361D86B /* LogView.swift in Sources */ = {isa = PBXBuildFile; fileRef = AC38DA5BE3DDDD782CEE946B /* LogView.swift */; };
		F1D234978E843B7672BCDC99 /* HeadToHeadView.swift in Sources */ = {isa = PBXBuildFile; fileRef = D27E0F289EEE84C77AB2C49A /* HeadToHeadView.swift */; };
		F555674CD8438171EA4A54F8 /* MockData.swift in Sources */ = {isa = PBXBuildFile; fileRef = FE9B634A8F56AB9C8D4BE697 /* MockData.swift */; };
		F84D5788CE6150295FFDE9BF /* ShopDetailView.swift in Sources */ = {isa = PBXBuildFile; fileRef = BCFE1B0BDE5B6360E404D392 /* ShopDetailView.swift */; };
		FA9BA7ED9D867507A46EB7D2 /* PrivacyInfo.xcprivacy in Resources */ = {isa = PBXBuildFile; fileRef = 54F99D54D574057C8CD09903 /* PrivacyInfo.xcprivacy */; };
/* End PBXBuildFile section */

/* Begin PBXContainerItemProxy section */
		AFCACED30D8B394AC901B917 /* PBXContainerItemProxy */ = {
			isa = PBXContainerItemProxy;
			containerPortal = F2D5DE452F2EE4357641E164 /* Project object */;
			proxyType = 1;
			remoteGlobalIDString = 55DB59D454DB5D932AC51C8C;
			remoteInfo = BrewApp;
		};
/* End PBXContainerItemProxy section */

/* Begin PBXFileReference section */
		013543726FA60DEABAD43FD9 /* TasteRecapView.swift */ = {isa = PBXFileReference; lastKnownFileType = sourcecode.swift; path = TasteRecapView.swift; sourceTree = "<group>"; };
		09C78E08B4A9A09E1D46E475 /* RecommendationEngine.swift */ = {isa = PBXFileReference; lastKnownFileType = sourcecode.swift; path = RecommendationEngine.swift; sourceTree = "<group>"; };
		0C968216FFBAB9027050A623 /* LocationService.swift */ = {isa = PBXFileReference; lastKnownFileType = sourcecode.swift; path = LocationService.swift; sourceTree = "<group>"; };
		1123640E8C5190D1A53D9C15 /* HomeView.swift */ = {isa = PBXFileReference; lastKnownFileType = sourcecode.swift; path = HomeView.swift; sourceTree = "<group>"; };
		119CF6D5208910D3DEE25D5B /* LogicTests.swift */ = {isa = PBXFileReference; lastKnownFileType = sourcecode.swift; path = LogicTests.swift; sourceTree = "<group>"; };
		16ACEC05B21CDA586D4C386E /* RootView.swift */ = {isa = PBXFileReference; lastKnownFileType = sourcecode.swift; path = RootView.swift; sourceTree = "<group>"; };
		182D5D97909C4C0BDEDF16A6 /* Assets.xcassets */ = {isa = PBXFileReference; lastKnownFileType = folder.assetcatalog; path = Assets.xcassets; sourceTree = "<group>"; };
		198DCC46AF321172057BFA05 /* FriendsView.swift */ = {isa = PBXFileReference; lastKnownFileType = sourcecode.swift; path = FriendsView.swift; sourceTree = "<group>"; };
		2BB45492D1D67B650D192206 /* AuthService.swift */ = {isa = PBXFileReference; lastKnownFileType = sourcecode.swift; path = AuthService.swift; sourceTree = "<group>"; };
		3979B6368272F579443645ED /* BrewModels.swift */ = {isa = PBXFileReference; lastKnownFileType = sourcecode.swift; path = BrewModels.swift; sourceTree = "<group>"; };
		3A26C779D55A2997A402638E /* ProfileView.swift */ = {isa = PBXFileReference; lastKnownFileType = sourcecode.swift; path = ProfileView.swift; sourceTree = "<group>"; };
		3BAD5F123FE1E818332F8B51 /* BrewApp.swift */ = {isa = PBXFileReference; lastKnownFileType = sourcecode.swift; path = BrewApp.swift; sourceTree = "<group>"; };
		3E9D74D009E51623AC31D191 /* BrewAppTests.xctest */ = {isa = PBXFileReference; includeInIndex = 0; lastKnownFileType = wrapper.cfbundle; path = BrewAppTests.xctest; sourceTree = BUILT_PRODUCTS_DIR; };
		463A60A157BC99F533279C01 /* Components.swift */ = {isa = PBXFileReference; lastKnownFileType = sourcecode.swift; path = Components.swift; sourceTree = "<group>"; };
		4D7963FD44D2CD4CA6FD5764 /* ActivityFeedView.swift */ = {isa = PBXFileReference; lastKnownFileType = sourcecode.swift; path = ActivityFeedView.swift; sourceTree = "<group>"; };
		54901BE77BCD58F15C291523 /* BrewApp.entitlements */ = {isa = PBXFileReference; lastKnownFileType = text.plist.entitlements; path = BrewApp.entitlements; sourceTree = "<group>"; };
		54F99D54D574057C8CD09903 /* PrivacyInfo.xcprivacy */ = {isa = PBXFileReference; path = PrivacyInfo.xcprivacy; sourceTree = "<group>"; };
		5D4B87664BA2CDAFEBD48211 /* BrewApp.app */ = {isa = PBXFileReference; includeInIndex = 0; lastKnownFileType = wrapper.application; path = BrewApp.app; sourceTree = BUILT_PRODUCTS_DIR; };
		5EB4F6F56B7586F83B9B2A2C /* SupabaseService.swift */ = {isa = PBXFileReference; lastKnownFileType = sourcecode.swift; path = SupabaseService.swift; sourceTree = "<group>"; };
		69BC060B762ABA18CB3DC3B5 /* AppStore+Sync.swift */ = {isa = PBXFileReference; lastKnownFileType = sourcecode.swift; path = "AppStore+Sync.swift"; sourceTree = "<group>"; };
		6E0F90740B89442F2E4B3617 /* WishlistView.swift */ = {isa = PBXFileReference; lastKnownFileType = sourcecode.swift; path = WishlistView.swift; sourceTree = "<group>"; };
		7473E9B3BA1E4C315C6C51F5 /* RemoteMapping.swift */ = {isa = PBXFileReference; lastKnownFileType = sourcecode.swift; path = RemoteMapping.swift; sourceTree = "<group>"; };
		7BAD20520A55B8B78984A732 /* TasteProfileEngine.swift */ = {isa = PBXFileReference; lastKnownFileType = sourcecode.swift; path = TasteProfileEngine.swift; sourceTree = "<group>"; };
		7C29546487072D2150C13BA7 /* DrinkDetailView.swift */ = {isa = PBXFileReference; lastKnownFileType = sourcecode.swift; path = DrinkDetailView.swift; sourceTree = "<group>"; };
		818937C3E47D18C83588C996 /* BrewTheme.swift */ = {isa = PBXFileReference; lastKnownFileType = sourcecode.swift; path = BrewTheme.swift; sourceTree = "<group>"; };
		9519A50892C6576114BE4984 /* UsernameSetupView.swift */ = {isa = PBXFileReference; lastKnownFileType = sourcecode.swift; path = UsernameSetupView.swift; sourceTree = "<group>"; };
		96399F00FCFADB5D196E1ED8 /* KeychainStore.swift */ = {isa = PBXFileReference; lastKnownFileType = sourcecode.swift; path = KeychainStore.swift; sourceTree = "<group>"; };
		976217AC8CC3594F5F41689D /* AppStore.swift */ = {isa = PBXFileReference; lastKnownFileType = sourcecode.swift; path = AppStore.swift; sourceTree = "<group>"; };
		A27E98C6398839ADA52998F5 /* FirstPicksView.swift */ = {isa = PBXFileReference; lastKnownFileType = sourcecode.swift; path = FirstPicksView.swift; sourceTree = "<group>"; };
		A391E2AED22FCCE3C7D4B73E /* FriendProfileView.swift */ = {isa = PBXFileReference; lastKnownFileType = sourcecode.swift; path = FriendProfileView.swift; sourceTree = "<group>"; };
		AC38DA5BE3DDDD782CEE946B /* LogView.swift */ = {isa = PBXFileReference; lastKnownFileType = sourcecode.swift; path = LogView.swift; sourceTree = "<group>"; };
		B2EDD68D7457134A982CC7A1 /* NotificationService.swift */ = {isa = PBXFileReference; lastKnownFileType = sourcecode.swift; path = NotificationService.swift; sourceTree = "<group>"; };
		B2F4A84F8F6254334B8667A1 /* FlavorWheelView.swift */ = {isa = PBXFileReference; lastKnownFileType = sourcecode.swift; path = FlavorWheelView.swift; sourceTree = "<group>"; };
		BCE695B254A1F78B38455E64 /* ExploreView.swift */ = {isa = PBXFileReference; lastKnownFileType = sourcecode.swift; path = ExploreView.swift; sourceTree = "<group>"; };
		BCFE1B0BDE5B6360E404D392 /* ShopDetailView.swift */ = {isa = PBXFileReference; lastKnownFileType = sourcecode.swift; path = ShopDetailView.swift; sourceTree = "<group>"; };
		C5B556335685CB7DE50FBB07 /* BrewAppSmokeTests.swift */ = {isa = PBXFileReference; lastKnownFileType = sourcecode.swift; path = BrewAppSmokeTests.swift; sourceTree = "<group>"; };
		CE2FB33E0342E86DE136C03F /* WriteQueue.swift */ = {isa = PBXFileReference; lastKnownFileType = sourcecode.swift; path = WriteQueue.swift; sourceTree = "<group>"; };
		CF459F72510E87D01B936A9A /* Info.plist */ = {isa = PBXFileReference; lastKnownFileType = text.plist; path = Info.plist; sourceTree = "<group>"; };
		D1FA59D8BDA2DE0F974793B1 /* TasteQuizView.swift */ = {isa = PBXFileReference; lastKnownFileType = sourcecode.swift; path = TasteQuizView.swift; sourceTree = "<group>"; };
		D27E0F289EEE84C77AB2C49A /* HeadToHeadView.swift */ = {isa = PBXFileReference; lastKnownFileType = sourcecode.swift; path = HeadToHeadView.swift; sourceTree = "<group>"; };
		D5058083F8EF9AC4BC19CCDD /* EloCalculator.swift */ = {isa = PBXFileReference; lastKnownFileType = sourcecode.swift; path = EloCalculator.swift; sourceTree = "<group>"; };
		D698903508203A69322554C2 /* RankingEngine.swift */ = {isa = PBXFileReference; lastKnownFileType = sourcecode.swift; path = RankingEngine.swift; sourceTree = "<group>"; };
		E1D748D9B25E10B361206A36 /* OnboardingView.swift */ = {isa = PBXFileReference; lastKnownFileType = sourcecode.swift; path = OnboardingView.swift; sourceTree = "<group>"; };
		E551C02F67E179D2D300DFD9 /* RankPlacementView.swift */ = {isa = PBXFileReference; lastKnownFileType = sourcecode.swift; path = RankPlacementView.swift; sourceTree = "<group>"; };
		F9AC910048BCA4B5C931DF53 /* Base */ = {isa = PBXFileReference; lastKnownFileType = file.storyboard; name = Base; path = Base.lproj/LaunchScreen.storyboard; sourceTree = "<group>"; };
		FA05C9C739A1DE241F461122 /* SettingsView.swift */ = {isa = PBXFileReference; lastKnownFileType = sourcecode.swift; path = SettingsView.swift; sourceTree = "<group>"; };
		FE9B634A8F56AB9C8D4BE697 /* MockData.swift */ = {isa = PBXFileReference; lastKnownFileType = sourcecode.swift; path = MockData.swift; sourceTree = "<group>"; };
/* End PBXFileReference section */

/* Begin PBXGroup section */
		015BCB6F6C200026B2ECD5B5 = {
			isa = PBXGroup;
			children = (
				7D0243220EEC26ACA1A4ED97 /* BrewApp */,
				D0FBB769FE9A198CCCAF4ED5 /* BrewAppTests */,
				029D3AD03E7C44D4B89A26D9 /* Products */,
			);
			sourceTree = "<group>";
		};
		029D3AD03E7C44D4B89A26D9 /* Products */ = {
			isa = PBXGroup;
			children = (
				5D4B87664BA2CDAFEBD48211 /* BrewApp.app */,
				3E9D74D009E51623AC31D191 /* BrewAppTests.xctest */,
			);
			name = Products;
			sourceTree = "<group>";
		};
		0864BD66E3A55180FF073DD2 /* Logic */ = {
			isa = PBXGroup;
			children = (
				D5058083F8EF9AC4BC19CCDD /* EloCalculator.swift */,
				D698903508203A69322554C2 /* RankingEngine.swift */,
				09C78E08B4A9A09E1D46E475 /* RecommendationEngine.swift */,
				7BAD20520A55B8B78984A732 /* TasteProfileEngine.swift */,
			);
			path = Logic;
			sourceTree = "<group>";
		};
		7D0243220EEC26ACA1A4ED97 /* BrewApp */ = {
			isa = PBXGroup;
			children = (
				182D5D97909C4C0BDEDF16A6 /* Assets.xcassets */,
				54901BE77BCD58F15C291523 /* BrewApp.entitlements */,
				CF459F72510E87D01B936A9A /* Info.plist */,
				54F99D54D574057C8CD09903 /* PrivacyInfo.xcprivacy */,
				A2A75CF7A271AD1CEDFC5C84 /* App */,
				FD52DE50217A99BB217BA100 /* Data */,
				F0B4EACC15BAEAF448B718F2 /* DesignSystem */,
				38D5DC18C78BC75D569C388E /* LaunchScreen.storyboard */,
				0864BD66E3A55180FF073DD2 /* Logic */,
				B38C303245A0BB08DE87E147 /* Models */,
				C720EDCDEA531A855DD92CB3 /* Screens */,
				CD0FF17BE24A9C7EAA28AC40 /* Services */,
			);
			path = BrewApp;
			sourceTree = "<group>";
		};
		A2A75CF7A271AD1CEDFC5C84 /* App */ = {
			isa = PBXGroup;
			children = (
				3BAD5F123FE1E818332F8B51 /* BrewApp.swift */,
				16ACEC05B21CDA586D4C386E /* RootView.swift */,
			);
			path = App;
			sourceTree = "<group>";
		};
		B38C303245A0BB08DE87E147 /* Models */ = {
			isa = PBXGroup;
			children = (
				3979B6368272F579443645ED /* BrewModels.swift */,
			);
			path = Models;
			sourceTree = "<group>";
		};
		C720EDCDEA531A855DD92CB3 /* Screens */ = {
			isa = PBXGroup;
			children = (
				4D7963FD44D2CD4CA6FD5764 /* ActivityFeedView.swift */,
				7C29546487072D2150C13BA7 /* DrinkDetailView.swift */,
				BCE695B254A1F78B38455E64 /* ExploreView.swift */,
				A27E98C6398839ADA52998F5 /* FirstPicksView.swift */,
				B2F4A84F8F6254334B8667A1 /* FlavorWheelView.swift */,
				A391E2AED22FCCE3C7D4B73E /* FriendProfileView.swift */,
				198DCC46AF321172057BFA05 /* FriendsView.swift */,
				D27E0F289EEE84C77AB2C49A /* HeadToHeadView.swift */,
				1123640E8C5190D1A53D9C15 /* HomeView.swift */,
				AC38DA5BE3DDDD782CEE946B /* LogView.swift */,
				E1D748D9B25E10B361206A36 /* OnboardingView.swift */,
				3A26C779D55A2997A402638E /* ProfileView.swift */,
				E551C02F67E179D2D300DFD9 /* RankPlacementView.swift */,
				FA05C9C739A1DE241F461122 /* SettingsView.swift */,
				BCFE1B0BDE5B6360E404D392 /* ShopDetailView.swift */,
				D1FA59D8BDA2DE0F974793B1 /* TasteQuizView.swift */,
				013543726FA60DEABAD43FD9 /* TasteRecapView.swift */,
				9519A50892C6576114BE4984 /* UsernameSetupView.swift */,
				6E0F90740B89442F2E4B3617 /* WishlistView.swift */,
			);
			path = Screens;
			sourceTree = "<group>";
		};
		CD0FF17BE24A9C7EAA28AC40 /* Services */ = {
			isa = PBXGroup;
			children = (
				2BB45492D1D67B650D192206 /* AuthService.swift */,
				96399F00FCFADB5D196E1ED8 /* KeychainStore.swift */,
				0C968216FFBAB9027050A623 /* LocationService.swift */,
				B2EDD68D7457134A982CC7A1 /* NotificationService.swift */,
				5EB4F6F56B7586F83B9B2A2C /* SupabaseService.swift */,
			);
			path = Services;
			sourceTree = "<group>";
		};
		D0FBB769FE9A198CCCAF4ED5 /* BrewAppTests */ = {
			isa = PBXGroup;
			children = (
				C5B556335685CB7DE50FBB07 /* BrewAppSmokeTests.swift */,
				119CF6D5208910D3DEE25D5B /* LogicTests.swift */,
			);
			path = BrewAppTests;
			sourceTree = "<group>";
		};
		F0B4EACC15BAEAF448B718F2 /* DesignSystem */ = {
			isa = PBXGroup;
			children = (
				818937C3E47D18C83588C996 /* BrewTheme.swift */,
				463A60A157BC99F533279C01 /* Components.swift */,
			);
			path = DesignSystem;
			sourceTree = "<group>";
		};
		FD52DE50217A99BB217BA100 /* Data */ = {
			isa = PBXGroup;
			children = (
				976217AC8CC3594F5F41689D /* AppStore.swift */,
				69BC060B762ABA18CB3DC3B5 /* AppStore+Sync.swift */,
				FE9B634A8F56AB9C8D4BE697 /* MockData.swift */,
				7473E9B3BA1E4C315C6C51F5 /* RemoteMapping.swift */,
				CE2FB33E0342E86DE136C03F /* WriteQueue.swift */,
			);
			path = Data;
			sourceTree = "<group>";
		};
/* End PBXGroup section */

/* Begin PBXNativeTarget section */
		55DB59D454DB5D932AC51C8C /* BrewApp */ = {
			isa = PBXNativeTarget;
			buildConfigurationList = 9C39744F02A7958FAEA0231B /* Build configuration list for PBXNativeTarget "BrewApp" */;
			buildPhases = (
				E243BD2C6940CF48629DC2BB /* Sources */,
				77F271ECE78B9D95DA30BBA4 /* Resources */,
			);
			buildRules = (
			);
			dependencies = (
			);
			name = BrewApp;
			packageProductDependencies = (
			);
			productName = BrewApp;
			productReference = 5D4B87664BA2CDAFEBD48211 /* BrewApp.app */;
			productType = "com.apple.product-type.application";
		};
		FCAD355CFB39AB84DFCC7979 /* BrewAppTests */ = {
			isa = PBXNativeTarget;
			buildConfigurationList = DA2E8DF4286F9DC598AE4AA7 /* Build configuration list for PBXNativeTarget "BrewAppTests" */;
			buildPhases = (
				BADF4FE8365BDD7E9D6866F1 /* Sources */,
			);
			buildRules = (
			);
			dependencies = (
				ABF4DAE463CD96780B98231C /* PBXTargetDependency */,
			);
			name = BrewAppTests;
			packageProductDependencies = (
			);
			productName = BrewAppTests;
			productReference = 3E9D74D009E51623AC31D191 /* BrewAppTests.xctest */;
			productType = "com.apple.product-type.bundle.unit-test";
		};
/* End PBXNativeTarget section */

/* Begin PBXProject section */
		F2D5DE452F2EE4357641E164 /* Project object */ = {
			isa = PBXProject;
			attributes = {
				BuildIndependentTargetsInParallel = YES;
				LastUpgradeCheck = 1430;
				TargetAttributes = {
				};
			};
			buildConfigurationList = 7AC1CA78F374620C8BF1B7BE /* Build configuration list for PBXProject "Brew" */;
			developmentRegion = en;
			hasScannedForEncodings = 0;
			knownRegions = (
				Base,
				en,
			);
			mainGroup = 015BCB6F6C200026B2ECD5B5;
			minimizedProjectReferenceProxies = 1;
			preferredProjectObjectVersion = 77;
			productRefGroup = 029D3AD03E7C44D4B89A26D9 /* Products */;
			projectDirPath = "";
			projectRoot = "";
			targets = (
				55DB59D454DB5D932AC51C8C /* BrewApp */,
				FCAD355CFB39AB84DFCC7979 /* BrewAppTests */,
			);
		};
/* End PBXProject section */

/* Begin PBXResourcesBuildPhase section */
		77F271ECE78B9D95DA30BBA4 /* Resources */ = {
			isa = PBXResourcesBuildPhase;
			buildActionMask = 2147483647;
			files = (
				C30298EA7A854BDF9E20642E /* Assets.xcassets in Resources */,
				09C4D4E12550256BD059AC11 /* LaunchScreen.storyboard in Resources */,
				FA9BA7ED9D867507A46EB7D2 /* PrivacyInfo.xcprivacy in Resources */,
			);
			runOnlyForDeploymentPostprocessing = 0;
		};
/* End PBXResourcesBuildPhase section */

/* Begin PBXSourcesBuildPhase section */
		BADF4FE8365BDD7E9D6866F1 /* Sources */ = {
			isa = PBXSourcesBuildPhase;
			buildActionMask = 2147483647;
			files = (
				CDB7161C8572CA5FF558668B /* BrewAppSmokeTests.swift in Sources */,
				A50BBB763AA7212E1EB06BAE /* LogicTests.swift in Sources */,
			);
			runOnlyForDeploymentPostprocessing = 0;
		};
		E243BD2C6940CF48629DC2BB /* Sources */ = {
			isa = PBXSourcesBuildPhase;
			buildActionMask = 2147483647;
			files = (
				016172A75D27ADE3989C6F32 /* ActivityFeedView.swift in Sources */,
				D8FD0646DF58EFB651C4E98C /* AppStore+Sync.swift in Sources */,
				9091FADF44B7BC5BD0024AD0 /* AppStore.swift in Sources */,
				B7190E977B7CBECDA00EE9B0 /* AuthService.swift in Sources */,
				7EEBC01E0D61D323F26097D9 /* BrewApp.swift in Sources */,
				BA8AEEB0FAEFE79FBC3C5874 /* BrewModels.swift in Sources */,
				4A2324FE3A95748A0CCF8573 /* BrewTheme.swift in Sources */,
				062825F83FFD597B9F5CFB86 /* Components.swift in Sources */,
				36424E9F37EA05D1A1C79C57 /* DrinkDetailView.swift in Sources */,
				B1CA328AEAFF3D64F8148258 /* EloCalculator.swift in Sources */,
				33E249F01BAF58476B26F16C /* ExploreView.swift in Sources */,
				49F1FAB05091382EB4939244 /* FirstPicksView.swift in Sources */,
				C3AE7F9C793BD4C493096DC1 /* FlavorWheelView.swift in Sources */,
				C17A8C5B63960A68FFF93C9C /* FriendProfileView.swift in Sources */,
				E6375151CCD49C66757F6B2F /* FriendsView.swift in Sources */,
				F1D234978E843B7672BCDC99 /* HeadToHeadView.swift in Sources */,
				2FC7E59949ABE2EE1C77077E /* HomeView.swift in Sources */,
				A4338629BC8055AE21686AB3 /* KeychainStore.swift in Sources */,
				330C5D390AEED6D1FB80371D /* LocationService.swift in Sources */,
				EC7AD5D21770F964C361D86B /* LogView.swift in Sources */,
				F555674CD8438171EA4A54F8 /* MockData.swift in Sources */,
				3193F6AEFA350C3FE5F5AA8A /* NotificationService.swift in Sources */,
				D89BFBF228737C7A0BECA6D0 /* OnboardingView.swift in Sources */,
				DBFF32F1722D22ED18BD6B9C /* ProfileView.swift in Sources */,
				1721EDA84970AAE0F6259423 /* RankPlacementView.swift in Sources */,
				38629B176F5D87653665928B /* RankingEngine.swift in Sources */,
				7E35D405FA676DB27519CBBC /* RecommendationEngine.swift in Sources */,
				33D2473A65D6C426836AD156 /* RemoteMapping.swift in Sources */,
				4E0942153E8396DADB29C6E1 /* RootView.swift in Sources */,
				5234DA7369E507AB850B69C1 /* SettingsView.swift in Sources */,
				F84D5788CE6150295FFDE9BF /* ShopDetailView.swift in Sources */,
				617B37EE6A8663661715911D /* SupabaseService.swift in Sources */,
				D2FE8CFC2EBAEDA96EEDA117 /* TasteProfileEngine.swift in Sources */,
				D648BEAC2B8A7A9702C9192A /* TasteQuizView.swift in Sources */,
				8766ABD40E8B62BCE8510D74 /* TasteRecapView.swift in Sources */,
				CF30B8C7D50FE86D16D969CE /* UsernameSetupView.swift in Sources */,
				861164C501C13555F18396B9 /* WishlistView.swift in Sources */,
				BE8F603920EC7A87645A0E36 /* WriteQueue.swift in Sources */,
			);
			runOnlyForDeploymentPostprocessing = 0;
		};
/* End PBXSourcesBuildPhase section */

/* Begin PBXTargetDependency section */
		ABF4DAE463CD96780B98231C /* PBXTargetDependency */ = {
			isa = PBXTargetDependency;
			target = 55DB59D454DB5D932AC51C8C /* BrewApp */;
			targetProxy = AFCACED30D8B394AC901B917 /* PBXContainerItemProxy */;
		};
/* End PBXTargetDependency section */

/* Begin PBXVariantGroup section */
		38D5DC18C78BC75D569C388E /* LaunchScreen.storyboard */ = {
			isa = PBXVariantGroup;
			children = (
				F9AC910048BCA4B5C931DF53 /* Base */,
			);
			name = LaunchScreen.storyboard;
			sourceTree = "<group>";
		};
/* End PBXVariantGroup section */

/* Begin XCBuildConfiguration section */
		3D2335B4F61EF54F3E7509B4 /* Debug */ = {
			isa = XCBuildConfiguration;
			buildSettings = {
				ALWAYS_SEARCH_USER_PATHS = NO;
				CLANG_ANALYZER_NONNULL = YES;
				CLANG_ANALYZER_NUMBER_OBJECT_CONVERSION = YES_AGGRESSIVE;
				CLANG_CXX_LANGUAGE_STANDARD = "gnu++14";
				CLANG_CXX_LIBRARY = "libc++";
				CLANG_ENABLE_MODULES = YES;
				CLANG_ENABLE_OBJC_ARC = YES;
				CLANG_ENABLE_OBJC_WEAK = YES;
				CLANG_WARN_BLOCK_CAPTURE_AUTORELEASING = YES;
				CLANG_WARN_BOOL_CONVERSION = YES;
				CLANG_WARN_COMMA = YES;
				CLANG_WARN_CONSTANT_CONVERSION = YES;
				CLANG_WARN_DEPRECATED_OBJC_IMPLEMENTATIONS = YES;
				CLANG_WARN_DIRECT_OBJC_ISA_USAGE = YES_ERROR;
				CLANG_WARN_DOCUMENTATION_COMMENTS = YES;
				CLANG_WARN_EMPTY_BODY = YES;
				CLANG_WARN_ENUM_CONVERSION = YES;
				CLANG_WARN_INFINITE_RECURSION = YES;
				CLANG_WARN_INT_CONVERSION = YES;
				CLANG_WARN_NON_LITERAL_NULL_CONVERSION = YES;
				CLANG_WARN_OBJC_IMPLICIT_RETAIN_SELF = YES;
				CLANG_WARN_OBJC_LITERAL_CONVERSION = YES;
				CLANG_WARN_OBJC_ROOT_CLASS = YES_ERROR;
				CLANG_WARN_QUOTED_INCLUDE_IN_FRAMEWORK_HEADER = YES;
				CLANG_WARN_RANGE_LOOP_ANALYSIS = YES;
				CLANG_WARN_STRICT_PROTOTYPES = YES;
				CLANG_WARN_SUSPICIOUS_MOVE = YES;
				CLANG_WARN_UNGUARDED_AVAILABILITY = YES_AGGRESSIVE;
				CLANG_WARN_UNREACHABLE_CODE = YES;
				CLANG_WARN__DUPLICATE_METHOD_MATCH = YES;
				COPY_PHASE_STRIP = NO;
				DEBUG_INFORMATION_FORMAT = dwarf;
				ENABLE_STRICT_OBJC_MSGSEND = YES;
				ENABLE_TESTABILITY = YES;
				GCC_C_LANGUAGE_STANDARD = gnu11;
				GCC_DYNAMIC_NO_PIC = NO;
				GCC_NO_COMMON_BLOCKS = YES;
				GCC_OPTIMIZATION_LEVEL = 0;
				GCC_PREPROCESSOR_DEFINITIONS = (
					"$(inherited)",
					"DEBUG=1",
				);
				GCC_WARN_64_TO_32_BIT_CONVERSION = YES;
				GCC_WARN_ABOUT_RETURN_TYPE = YES_ERROR;
				GCC_WARN_UNDECLARED_SELECTOR = YES;
				GCC_WARN_UNINITIALIZED_AUTOS = YES_AGGRESSIVE;
				GCC_WARN_UNUSED_FUNCTION = YES;
				GCC_WARN_UNUSED_VARIABLE = YES;
				IPHONEOS_DEPLOYMENT_TARGET = 17.0;
				MTL_ENABLE_DEBUG_INFO = INCLUDE_SOURCE;
				MTL_FAST_MATH = YES;
				ONLY_ACTIVE_ARCH = YES;
				PRODUCT_NAME = "$(TARGET_NAME)";
				SDKROOT = iphoneos;
				SWIFT_ACTIVE_COMPILATION_CONDITIONS = DEBUG;
				SWIFT_OPTIMIZATION_LEVEL = "-Onone";
				SWIFT_VERSION = 5.9;
			};
			name = Debug;
		};
		483C35DC0658531F57A90892 /* Release */ = {
			isa = XCBuildConfiguration;
			buildSettings = {
				ALWAYS_SEARCH_USER_PATHS = NO;
				CLANG_ANALYZER_NONNULL = YES;
				CLANG_ANALYZER_NUMBER_OBJECT_CONVERSION = YES_AGGRESSIVE;
				CLANG_CXX_LANGUAGE_STANDARD = "gnu++14";
				CLANG_CXX_LIBRARY = "libc++";
				CLANG_ENABLE_MODULES = YES;
				CLANG_ENABLE_OBJC_ARC = YES;
				CLANG_ENABLE_OBJC_WEAK = YES;
				CLANG_WARN_BLOCK_CAPTURE_AUTORELEASING = YES;
				CLANG_WARN_BOOL_CONVERSION = YES;
				CLANG_WARN_COMMA = YES;
				CLANG_WARN_CONSTANT_CONVERSION = YES;
				CLANG_WARN_DEPRECATED_OBJC_IMPLEMENTATIONS = YES;
				CLANG_WARN_DIRECT_OBJC_ISA_USAGE = YES_ERROR;
				CLANG_WARN_DOCUMENTATION_COMMENTS = YES;
				CLANG_WARN_EMPTY_BODY = YES;
				CLANG_WARN_ENUM_CONVERSION = YES;
				CLANG_WARN_INFINITE_RECURSION = YES;
				CLANG_WARN_INT_CONVERSION = YES;
				CLANG_WARN_NON_LITERAL_NULL_CONVERSION = YES;
				CLANG_WARN_OBJC_IMPLICIT_RETAIN_SELF = YES;
				CLANG_WARN_OBJC_LITERAL_CONVERSION = YES;
				CLANG_WARN_OBJC_ROOT_CLASS = YES_ERROR;
				CLANG_WARN_QUOTED_INCLUDE_IN_FRAMEWORK_HEADER = YES;
				CLANG_WARN_RANGE_LOOP_ANALYSIS = YES;
				CLANG_WARN_STRICT_PROTOTYPES = YES;
				CLANG_WARN_SUSPICIOUS_MOVE = YES;
				CLANG_WARN_UNGUARDED_AVAILABILITY = YES_AGGRESSIVE;
				CLANG_WARN_UNREACHABLE_CODE = YES;
				CLANG_WARN__DUPLICATE_METHOD_MATCH = YES;
				COPY_PHASE_STRIP = NO;
				DEBUG_INFORMATION_FORMAT = "dwarf-with-dsym";
				ENABLE_NS_ASSERTIONS = NO;
				ENABLE_STRICT_OBJC_MSGSEND = YES;
				GCC_C_LANGUAGE_STANDARD = gnu11;
				GCC_NO_COMMON_BLOCKS = YES;
				GCC_WARN_64_TO_32_BIT_CONVERSION = YES;
				GCC_WARN_ABOUT_RETURN_TYPE = YES_ERROR;
				GCC_WARN_UNDECLARED_SELECTOR = YES;
				GCC_WARN_UNINITIALIZED_AUTOS = YES_AGGRESSIVE;
				GCC_WARN_UNUSED_FUNCTION = YES;
				GCC_WARN_UNUSED_VARIABLE = YES;
				IPHONEOS_DEPLOYMENT_TARGET = 17.0;
				MTL_ENABLE_DEBUG_INFO = NO;
				MTL_FAST_MATH = YES;
				PRODUCT_NAME = "$(TARGET_NAME)";
				SDKROOT = iphoneos;
				SWIFT_COMPILATION_MODE = wholemodule;
				SWIFT_OPTIMIZATION_LEVEL = "-O";
				SWIFT_VERSION = 5.9;
			};
			name = Release;
		};
		6CB1725F33E7626D790F5124 /* Release */ = {
			isa = XCBuildConfiguration;
			buildSettings = {
				ASSETCATALOG_COMPILER_APPICON_NAME = AppIcon;
				CODE_SIGN_ENTITLEMENTS = BrewApp/BrewApp.entitlements;
				CODE_SIGN_IDENTITY = "iPhone Developer";
				INFOPLIST_FILE = BrewApp/Info.plist;
				INFOPLIST_KEY_UIApplicationSceneManifest_Generation = YES;
				INFOPLIST_KEY_UIApplicationSupportsIndirectInputEvents = YES;
				LD_RUNPATH_SEARCH_PATHS = (
					"$(inherited)",
					"@executable_path/Frameworks",
				);
				PRODUCT_BUNDLE_IDENTIFIER = com.satviktalchuru.brew;
				SDKROOT = iphoneos;
				TARGETED_DEVICE_FAMILY = "1,2";
			};
			name = Release;
		};
		99E0E298E80F7F4983AE219D /* Release */ = {
			isa = XCBuildConfiguration;
			buildSettings = {
				BUNDLE_LOADER = "$(TEST_HOST)";
				GENERATE_INFOPLIST_FILE = YES;
				LD_RUNPATH_SEARCH_PATHS = (
					"$(inherited)",
					"@executable_path/Frameworks",
					"@loader_path/Frameworks",
				);
				PRODUCT_BUNDLE_IDENTIFIER = com.satviktalchuru.brew.tests;
				SDKROOT = iphoneos;
				TARGETED_DEVICE_FAMILY = "1,2";
				TEST_HOST = "$(BUILT_PRODUCTS_DIR)/BrewApp.app/BrewApp";
			};
			name = Release;
		};
		D22EC8CBDBBE332985FA637E /* Debug */ = {
			isa = XCBuildConfiguration;
			buildSettings = {
				BUNDLE_LOADER = "$(TEST_HOST)";
				GENERATE_INFOPLIST_FILE = YES;
				LD_RUNPATH_SEARCH_PATHS = (
					"$(inherited)",
					"@executable_path/Frameworks",
					"@loader_path/Frameworks",
				);
				PRODUCT_BUNDLE_IDENTIFIER = com.satviktalchuru.brew.tests;
				SDKROOT = iphoneos;
				TARGETED_DEVICE_FAMILY = "1,2";
				TEST_HOST = "$(BUILT_PRODUCTS_DIR)/BrewApp.app/BrewApp";
			};
			name = Debug;
		};
		ED579D132A27EB166AEB9BB6 /* Debug */ = {
			isa = XCBuildConfiguration;
			buildSettings = {
				ASSETCATALOG_COMPILER_APPICON_NAME = AppIcon;
				CODE_SIGN_ENTITLEMENTS = BrewApp/BrewApp.entitlements;
				CODE_SIGN_IDENTITY = "iPhone Developer";
				INFOPLIST_FILE = BrewApp/Info.plist;
				INFOPLIST_KEY_UIApplicationSceneManifest_Generation = YES;
				INFOPLIST_KEY_UIApplicationSupportsIndirectInputEvents = YES;
				LD_RUNPATH_SEARCH_PATHS = (
					"$(inherited)",
					"@executable_path/Frameworks",
				);
				PRODUCT_BUNDLE_IDENTIFIER = com.satviktalchuru.brew;
				SDKROOT = iphoneos;
				TARGETED_DEVICE_FAMILY = "1,2";
			};
			name = Debug;
		};
/* End XCBuildConfiguration section */

/* Begin XCConfigurationList section */
		7AC1CA78F374620C8BF1B7BE /* Build configuration list for PBXProject "Brew" */ = {
			isa = XCConfigurationList;
			buildConfigurations = (
				3D2335B4F61EF54F3E7509B4 /* Debug */,
				483C35DC0658531F57A90892 /* Release */,
			);
			defaultConfigurationIsVisible = 0;
			defaultConfigurationName = Debug;
		};
		9C39744F02A7958FAEA0231B /* Build configuration list for PBXNativeTarget "BrewApp" */ = {
			isa = XCConfigurationList;
			buildConfigurations = (
				ED579D132A27EB166AEB9BB6 /* Debug */,
				6CB1725F33E7626D790F5124 /* Release */,
			);
			defaultConfigurationIsVisible = 0;
			defaultConfigurationName = Debug;
		};
		DA2E8DF4286F9DC598AE4AA7 /* Build configuration list for PBXNativeTarget "BrewAppTests" */ = {
			isa = XCConfigurationList;
			buildConfigurations = (
				D22EC8CBDBBE332985FA637E /* Debug */,
				99E0E298E80F7F4983AE219D /* Release */,
			);
			defaultConfigurationIsVisible = 0;
			defaultConfigurationName = Debug;
		};
/* End XCConfigurationList section */
	};
	rootObject = F2D5DE452F2EE4357641E164 /* Project object */;
}
